{
    "name": "shortmyurl",
    "version": "1.0.11",
    "lockfileVersion": 2,
    "requires": true,
    "packages": {
        "": {
            "name": "shortmyurl",
            "version": "1.0.11",
            "license": "ISC",
            "dependencies": {
                "shortmyurl": "^1.0.2"
            }
        },
        "node_modules/shortmyurl": {
            "version": "1.0.2",
            "resolved": "https://registry.npmjs.org/shortmyurl/-/shortmyurl-1.0.2.tgz",
            "integrity": "sha512-PGgK2d+gbQgrLDec2vvlSOWsIJYFeD7Mr5AfjIoG6DjipU5hk52sgpjDPOjOkSpjdif84PIKnMipi6CEqDtBAQ=="
        }
    },
    "dependencies": {
        "shortmyurl": {
            "version": "1.0.2",
            "resolved": "https://registry.npmjs.org/shortmyurl/-/shortmyurl-1.0.2.tgz",
            "integrity": "sha512-PGgK2d+gbQgrLDec2vvlSOWsIJYFeD7Mr5AfjIoG6DjipU5hk52sgpjDPOjOkSpjdif84PIKnMipi6CEqDtBAQ=="
        }
    }
}
